github.com/ebitengine/purego v0.6.1 h1:sjN8rfzbhXQ59/pE+wInswbU9aMDHiwlup4p/a07Mkg=
github.com/ebitengine/purego v0.6.1/go.mod h1:ah1In8AOtksoNK6yk5z1HTJeUkC1Ez4Wk2idgGslMwQ=
github.com/opencl-pure/constantsCL v0.0.0-20240317165126-e939496b9300 h1:KeQjWhR14EeIyCIZdg4i8ltUe3XpvRmvtu2tZ239qk4=
github.com/opencl-pure/constantsCL v0.0.0-20240317165126-e939496b9300/go.mod h1:MwfM6U1JKf99LyG4YTryEsMUHY9QsAoBZCwSJW+zNlk=
github.com/opencl-pure/highCL v0.0.0-20240317185504-a332b098539d h1:BSaP3opfqRIUz92KMW3HFnJpXIn8Qc7uAnpIFTYgC6M=
github.com/opencl-pure/highCL v0.0.0-20240317185504-a332b098539d/go.mod h1:7difiR9hMuYwCKedrDIAc7ztj6wpbFB01ypshu7rgk0=
github.com/opencl-pure/pureCL v0.0.0-20240317181835-e7aaf45bb856 h1:pO0SbppCnMf00dinOFQRPkWqtOhzsJggHngBjP6QfkY=
github.com/opencl-pure/pureCL v0.0.0-20240317181835-e7aaf45bb856/go.mod h1:dxWbVmZAgHGCf1xffaIZ+u2k9qQLe3dTdZIShb3Om/w=
golang.org/x/sys v0.18.0 h1:DBdB3niSjOA/O0blCZBqDefyWNYveAYMNF1Wum0DYQ4=
golang.org/x/sys v0.18.0/go.mod h1:/VUhepiaJMQUp4+oa/7Zr1D23ma6VTLIYjOOTFZPUcA=
